PODS:
  - CMUtils (0.2.0):
    - CMUtils/RouterEvent (= 0.2.0)
    - CMUtils/UIImage (= 0.2.0)
  - CMUtils/RouterEvent (0.2.0)
  - CMUtils/UIImage (0.2.0)

DEPENDENCIES:
  - CMUtils (from `../`)

EXTERNAL SOURCES:
  CMUtils:
    :path: "../"

SPEC CHECKSUMS:
  CMUtils: 8abb6cffc3516bf4dd36ce6dbc02fb4c3a2ed271

PODFILE CHECKSUM: fcc1ae4180817850cf5c21cc76128035c5f35627

COCOAPODS: 1.9.1
